
Microsoft Visual Studio Solution File, Format Version 12.00
# Visual Studio 15
VisualStudioVersion = 15.0.28307.136
MinimumVisualStudioVersion = 10.0.40219.1
Project("{FAE04EC0-301F-11D3-BF4B-00C04F79EFBC}") = "FileSecure v2", "FileSecure v2\FileSecure v2.csproj", "{30B164A2-5FD1-4473-922C-46C43D2DC92D}"
EndProject
Global
	GlobalSection(SolutionConfigurationPlatforms) = preSolution
		Debug|Any CPU = Debug|Any CPU
		Release|Any CPU = Release|Any CPU
	EndGlobalSection
	GlobalSection(ProjectConfigurationPlatforms) = postSolution
		{30B164A2-5FD1-4473-922C-46C43D2DC92D}.Debug|Any CPU.ActiveCfg = Debug|Any CPU
		{30B164A2-5FD1-4473-922C-46C43D2DC92D}.Debug|Any CPU.Build.0 = Debug|Any CPU
		{30B164A2-5FD1-4473-922C-46C43D2DC92D}.Release|Any CPU.ActiveCfg = Release|Any CPU
		{30B164A2-5FD1-4473-922C-46C43D2DC92D}.Release|Any CPU.Build.0 = Release|Any CPU
	EndGlobalSection
	GlobalSection(SolutionProperties) = preSolution
		HideSolutionNode = FALSE
	EndGlobalSection
	GlobalSection(ExtensibilityGlobals) = postSolution
		SolutionGuid = {A7DD8AB7-1816-47E6-95F9-37FA6655B98B}
	EndGlobalSection
EndGlobal
